
Microsoft Visual Studio Solution File, Format Version 12.00
# Visual Studio Version 17
VisualStudioVersion = 17.2.32630.192
MinimumVisualStudioVersion = 10.0.40219.1
Project("{9A19103F-16F7-4668-BE54-9A1E7A4F7556}") = "SocialNetwork", "SocialNetwork\SocialNetwork.csproj", "{E783CA39-2A9B-4A97-B210-1E131F97A2C4}"
EndProject
Project("{9A19103F-16F7-4668-BE54-9A1E7A4F7556}") = "SocialNetworkDb", "SocialNetworkDB\SocialNetworkDb.csproj", "{F0E4B939-8962-4AB5-BDF2-C44F0CCCC200}"
EndProject
Global
	GlobalSection(SolutionConfigurationPlatforms) = preSolution
		Debug|Any CPU = Debug|Any CPU
		Release|Any CPU = Release|Any CPU
	EndGlobalSection
	GlobalSection(ProjectConfigurationPlatforms) = postSolution
		{E783CA39-2A9B-4A97-B210-1E131F97A2C4}.Debug|Any CPU.ActiveCfg = Debug|Any CPU
		{E783CA39-2A9B-4A97-B210-1E131F97A2C4}.Debug|Any CPU.Build.0 = Debug|Any CPU
		{E783CA39-2A9B-4A97-B210-1E131F97A2C4}.Release|Any CPU.ActiveCfg = Release|Any CPU
		{E783CA39-2A9B-4A97-B210-1E131F97A2C4}.Release|Any CPU.Build.0 = Release|Any CPU
		{F0E4B939-8962-4AB5-BDF2-C44F0CCCC200}.Debug|Any CPU.ActiveCfg = Debug|Any CPU
		{F0E4B939-8962-4AB5-BDF2-C44F0CCCC200}.Debug|Any CPU.Build.0 = Debug|Any CPU
		{F0E4B939-8962-4AB5-BDF2-C44F0CCCC200}.Release|Any CPU.ActiveCfg = Release|Any CPU
		{F0E4B939-8962-4AB5-BDF2-C44F0CCCC200}.Release|Any CPU.Build.0 = Release|Any CPU
	EndGlobalSection
	GlobalSection(SolutionProperties) = preSolution
		HideSolutionNode = FALSE
	EndGlobalSection
	GlobalSection(ExtensibilityGlobals) = postSolution
		SolutionGuid = {DBF66788-5121-4501-BFF6-072EE88F0768}
	EndGlobalSection
EndGlobal
